
Microsoft Visual Studio Solution File, Format Version 12.00
# Visual Studio Version 17
VisualStudioVersion = 17.9.34701.34
MinimumVisualStudioVersion = 10.0.40219.1
Project("{FAE04EC0-301F-11D3-BF4B-00C04F79EFBC}") = "bai2taolópinhVien", "bai2taolópinhVien\bai2taolópinhVien.csproj", "{7AD74E6C-4B29-4F65-8A09-5891EE2EF84C}"
EndProject
Global
	GlobalSection(SolutionConfigurationPlatforms) = preSolution
		Debug|Any CPU = Debug|Any CPU
		Release|Any CPU = Release|Any CPU
	EndGlobalSection
	GlobalSection(ProjectConfigurationPlatforms) = postSolution
		{7AD74E6C-4B29-4F65-8A09-5891EE2EF84C}.Debug|Any CPU.ActiveCfg = Debug|Any CPU
		{7AD74E6C-4B29-4F65-8A09-5891EE2EF84C}.Debug|Any CPU.Build.0 = Debug|Any CPU
		{7AD74E6C-4B29-4F65-8A09-5891EE2EF84C}.Release|Any CPU.ActiveCfg = Release|Any CPU
		{7AD74E6C-4B29-4F65-8A09-5891EE2EF84C}.Release|Any CPU.Build.0 = Release|Any CPU
	EndGlobalSection
	GlobalSection(SolutionProperties) = preSolution
		HideSolutionNode = FALSE
	EndGlobalSection
	GlobalSection(ExtensibilityGlobals) = postSolution
		SolutionGuid = {E88463EB-3392-47D1-8FCD-9874F7A1A8E6}
	EndGlobalSection
EndGlobal
